
Microsoft Visual Studio Solution File, Format Version 12.00
# Visual Studio Version 17
VisualStudioVersion = 17.5.002.0
MinimumVisualStudioVersion = 10.0.40219.1
Project("{9A19103F-16F7-4668-BE54-9A1E7A4F7556}") = "Preview", "Preview\Preview.csproj", "{83C38013-15D8-4F5C-B8FF-5CB9BC7512EE}"
EndProject
Project("{FAE04EC0-301F-11D3-BF4B-00C04F79EFBC}") = "ThePigeonGenerator", "ThePigeonGenerator\ThePigeonGenerator.csproj", "{36F03728-D111-4D88-9F75-F401572372EC}"
EndProject
Global
	GlobalSection(SolutionConfigurationPlatforms) = preSolution
		Debug|Any CPU = Debug|Any CPU
		Release|Any CPU = Release|Any CPU
	EndGlobalSection
	GlobalSection(ProjectConfigurationPlatforms) = postSolution
		{83C38013-15D8-4F5C-B8FF-5CB9BC7512EE}.Debug|Any CPU.ActiveCfg = Debug|Any CPU
		{83C38013-15D8-4F5C-B8FF-5CB9BC7512EE}.Debug|Any CPU.Build.0 = Debug|Any CPU
		{83C38013-15D8-4F5C-B8FF-5CB9BC7512EE}.Release|Any CPU.ActiveCfg = Release|Any CPU
		{83C38013-15D8-4F5C-B8FF-5CB9BC7512EE}.Release|Any CPU.Build.0 = Release|Any CPU
		{36F03728-D111-4D88-9F75-F401572372EC}.Debug|Any CPU.ActiveCfg = Debug|Any CPU
		{36F03728-D111-4D88-9F75-F401572372EC}.Debug|Any CPU.Build.0 = Debug|Any CPU
		{36F03728-D111-4D88-9F75-F401572372EC}.Release|Any CPU.ActiveCfg = Release|Any CPU
		{36F03728-D111-4D88-9F75-F401572372EC}.Release|Any CPU.Build.0 = Release|Any CPU
	EndGlobalSection
	GlobalSection(SolutionProperties) = preSolution
		HideSolutionNode = FALSE
	EndGlobalSection
	GlobalSection(ExtensibilityGlobals) = postSolution
		SolutionGuid = {C28235D2-7DEA-4A0D-85C9-CCB3519E8460}
	EndGlobalSection
EndGlobal
